
Microsoft Visual Studio Solution File, Format Version 12.00
# Visual Studio Version 17
VisualStudioVersion = 17.3.32825.248
MinimumVisualStudioVersion = 10.0.40219.1
Project("{FAE04EC0-301F-11D3-BF4B-00C04F79EFBC}") = "MvcSoporte", "MvcSoporte\MvcSoporte.csproj", "{0F3D354A-53D2-4EED-915C-DF4CE4D6AFE9}"
EndProject
Global
	GlobalSection(SolutionConfigurationPlatforms) = preSolution
		Debug|Any CPU = Debug|Any CPU
		Release|Any CPU = Release|Any CPU
	EndGlobalSection
	GlobalSection(ProjectConfigurationPlatforms) = postSolution
		{0F3D354A-53D2-4EED-915C-DF4CE4D6AFE9}.Debug|Any CPU.ActiveCfg = Debug|Any CPU
		{0F3D354A-53D2-4EED-915C-DF4CE4D6AFE9}.Debug|Any CPU.Build.0 = Debug|Any CPU
		{0F3D354A-53D2-4EED-915C-DF4CE4D6AFE9}.Release|Any CPU.ActiveCfg = Release|Any CPU
		{0F3D354A-53D2-4EED-915C-DF4CE4D6AFE9}.Release|Any CPU.Build.0 = Release|Any CPU
	EndGlobalSection
	GlobalSection(SolutionProperties) = preSolution
		HideSolutionNode = FALSE
	EndGlobalSection
	GlobalSection(ExtensibilityGlobals) = postSolution
		SolutionGuid = {BA26DFC7-B6D3-461A-A3D3-E84A79A253AE}
	EndGlobalSection
EndGlobal
