
Microsoft Visual Studio Solution File, Format Version 12.00
# Visual Studio Version 17
VisualStudioVersion = 17.5.33424.131
MinimumVisualStudioVersion = 10.0.40219.1
Project("{FAE04EC0-301F-11D3-BF4B-00C04F79EFBC}") = "MvcAgenda", "MvcAgenda\MvcAgenda.csproj", "{5061E3A8-2F1A-45DB-9FAB-624D3A3CABF4}"
EndProject
Global
	GlobalSection(SolutionConfigurationPlatforms) = preSolution
		Debug|Any CPU = Debug|Any CPU
		Release|Any CPU = Release|Any CPU
	EndGlobalSection
	GlobalSection(ProjectConfigurationPlatforms) = postSolution
		{5061E3A8-2F1A-45DB-9FAB-624D3A3CABF4}.Debug|Any CPU.ActiveCfg = Debug|Any CPU
		{5061E3A8-2F1A-45DB-9FAB-624D3A3CABF4}.Debug|Any CPU.Build.0 = Debug|Any CPU
		{5061E3A8-2F1A-45DB-9FAB-624D3A3CABF4}.Release|Any CPU.ActiveCfg = Release|Any CPU
		{5061E3A8-2F1A-45DB-9FAB-624D3A3CABF4}.Release|Any CPU.Build.0 = Release|Any CPU
	EndGlobalSection
	GlobalSection(SolutionProperties) = preSolution
		HideSolutionNode = FALSE
	EndGlobalSection
	GlobalSection(ExtensibilityGlobals) = postSolution
		SolutionGuid = {39A46342-ED04-4933-A3D8-84E94363B276}
	EndGlobalSection
EndGlobal
